
Microsoft Visual Studio Solution File, Format Version 12.00
# Visual Studio Version 17
VisualStudioVersion = 17.3.32929.385
MinimumVisualStudioVersion = 10.0.40219.1
Project("{9A19103F-16F7-4668-BE54-9A1E7A4F7556}") = "TrinityCore.Dbc.Net.Lib", "TrinityCore.Dbc.Net.Lib\TrinityCore.Dbc.Net.Lib.csproj", "{C8652D05-92C8-46FA-9D00-6D2CD61F0935}"
EndProject
Project("{9A19103F-16F7-4668-BE54-9A1E7A4F7556}") = "TrinityCore.Dbc.Net.Lib.Tests", "TrinityCore.Dbc.Net.Lib.Tests\TrinityCore.Dbc.Net.Lib.Tests.csproj", "{1AA47F84-3702-4FD3-A327-89688249711A}"
EndProject
Project("{FAE04EC0-301F-11D3-BF4B-00C04F79EFBC}") = "DefinitionGenerator", "DefinitionGenerator\DefinitionGenerator.csproj", "{44B7E089-508E-46D2-9639-8A81132D48F9}"
EndProject
Global
	GlobalSection(SolutionConfigurationPlatforms) = preSolution
		Debug|Any CPU = Debug|Any CPU
		Release|Any CPU = Release|Any CPU
	EndGlobalSection
	GlobalSection(ProjectConfigurationPlatforms) = postSolution
		{C8652D05-92C8-46FA-9D00-6D2CD61F0935}.Debug|Any CPU.ActiveCfg = Debug|Any CPU
		{C8652D05-92C8-46FA-9D00-6D2CD61F0935}.Debug|Any CPU.Build.0 = Debug|Any CPU
		{C8652D05-92C8-46FA-9D00-6D2CD61F0935}.Release|Any CPU.ActiveCfg = Release|Any CPU
		{C8652D05-92C8-46FA-9D00-6D2CD61F0935}.Release|Any CPU.Build.0 = Release|Any CPU
		{1AA47F84-3702-4FD3-A327-89688249711A}.Debug|Any CPU.ActiveCfg = Debug|Any CPU
		{1AA47F84-3702-4FD3-A327-89688249711A}.Debug|Any CPU.Build.0 = Debug|Any CPU
		{1AA47F84-3702-4FD3-A327-89688249711A}.Release|Any CPU.ActiveCfg = Release|Any CPU
		{1AA47F84-3702-4FD3-A327-89688249711A}.Release|Any CPU.Build.0 = Release|Any CPU
		{44B7E089-508E-46D2-9639-8A81132D48F9}.Debug|Any CPU.ActiveCfg = Debug|Any CPU
		{44B7E089-508E-46D2-9639-8A81132D48F9}.Debug|Any CPU.Build.0 = Debug|Any CPU
		{44B7E089-508E-46D2-9639-8A81132D48F9}.Release|Any CPU.ActiveCfg = Release|Any CPU
		{44B7E089-508E-46D2-9639-8A81132D48F9}.Release|Any CPU.Build.0 = Release|Any CPU
	EndGlobalSection
	GlobalSection(SolutionProperties) = preSolution
		HideSolutionNode = FALSE
	EndGlobalSection
	GlobalSection(ExtensibilityGlobals) = postSolution
		SolutionGuid = {BA6A0185-2F86-4DBB-BD5C-E95C3E64F4A0}
	EndGlobalSection
EndGlobal
